// !$*UTF8*$!
{
	archiveVersion = 1;
	classes = {
	};
	objectVersion = 56;
	objects = {

/* Begin PBXBuildFile section */
		933457B72BD96C3A008B9C4F /* atari-font in Resources */ = {isa = PBXBuildFile; fileRef = 933457B62BD96C3A008B9C4F /* atari-font */; };
		933457B82BD96C3A008B9C4F /* atari-font in Resources */ = {isa = PBXBuildFile; fileRef = 933457B62BD96C3A008B9C4F /* atari-font */; };
		934F30092B337C0800E1AB46 /* AppDelegate.swift in Sources */ = {isa = PBXBuildFile; fileRef = 934F30082B337C0800E1AB46 /* AppDelegate.swift */; };
		934F300B2B337C0800E1AB46 /* GameScene.sks in Resources */ = {isa = PBXBuildFile; fileRef = 934F300A2B337C0800E1AB46 /* GameScene.sks */; };
		934F300D2B337C0800E1AB46 /* Actions.sks in Resources */ = {isa = PBXBuildFile; fileRef = 934F300C2B337C0800E1AB46 /* Actions.sks */; };
		934F300F2B337C0800E1AB46 /* GameScene.swift in Sources */ = {isa = PBXBuildFile; fileRef = 934F300E2B337C0800E1AB46 /* GameScene.swift */; };
		934F30112B337C0800E1AB46 /* GameViewController.swift in Sources */ = {isa = PBXBuildFile; fileRef = 934F30102B337C0800E1AB46 /* GameViewController.swift */; };
		934F30142B337C0800E1AB46 /* Main.storyboard in Resources */ = {isa = PBXBuildFile; fileRef = 934F30122B337C0800E1AB46 /* Main.storyboard */; };
		934F30162B337C0A00E1AB46 /* Assets.xcassets in Resources */ = {isa = PBXBuildFile; fileRef = 934F30152B337C0A00E1AB46 /* Assets.xcassets */; };
		934F30192B337C0A00E1AB46 /* LaunchScreen.storyboard in Resources */ = {isa = PBXBuildFile; fileRef = 934F30172B337C0A00E1AB46 /* LaunchScreen.storyboard */; };
		9354B30A2BE2E7AE0004BBFE /* DeathAnimation.sks in Resources */ = {isa = PBXBuildFile; fileRef = 9354B3092BE2E7AE0004BBFE /* DeathAnimation.sks */; };
		9354B30C2BE303AA0004BBFE /* GameEndScene.swift in Sources */ = {isa = PBXBuildFile; fileRef = 9354B30B2BE303AA0004BBFE /* GameEndScene.swift */; };
		93F560782BD81B3B0061DE7E /* JumpWatchAppApp.swift in Sources */ = {isa = PBXBuildFile; fileRef = 93F560772BD81B3B0061DE7E /* JumpWatchAppApp.swift */; };
		93F5607A2BD81B3B0061DE7E /* ContentView.swift in Sources */ = {isa = PBXBuildFile; fileRef = 93F560792BD81B3B0061DE7E /* ContentView.swift */; };
		93F5607C2BD81B3C0061DE7E /* Assets.xcassets in Resources */ = {isa = PBXBuildFile; fileRef = 93F5607B2BD81B3C0061DE7E /* Assets.xcassets */; };
		93F5607F2BD81B3C0061DE7E /* Preview Assets.xcassets in Resources */ = {isa = PBXBuildFile; fileRef = 93F5607E2BD81B3C0061DE7E /* Preview Assets.xcassets */; };
		93F560822BD81B3C0061DE7E /* JumpWatchApp Watch App.app in Embed Watch Content */ = {isa = PBXBuildFile; fileRef = 93F560752BD81B3B0061DE7E /* JumpWatchApp Watch App.app */; settings = {ATTRIBUTES = (RemoveHeadersOnCopy, ); }; };
/* End PBXBuildFile section */

/* Begin PBXContainerItemProxy section */
		93F560802BD81B3C0061DE7E /* PBXContainerItemProxy */ = {
			isa = PBXContainerItemProxy;
			containerPortal = 934F2FFD2B337C0800E1AB46 /* Project object */;
			proxyType = 1;
			remoteGlobalIDString = 93F560742BD81B3B0061DE7E;
			remoteInfo = "JumpWatchApp Watch App";
		};
/* End PBXContainerItemProxy section */

/* Begin PBXCopyFilesBuildPhase section */
		93F560832BD81B3C0061DE7E /* Embed Watch Content */ = {
			isa = PBXCopyFilesBuildPhase;
			buildActionMask = 2147483647;
			dstPath = "$(CONTENTS_FOLDER_PATH)/Watch";
			dstSubfolderSpec = 16;
			files = (
				93F560822BD81B3C0061DE7E /* JumpWatchApp Watch App.app in Embed Watch Content */,
			);
			name = "Embed Watch Content";
			runOnlyForDeploymentPostprocessing = 0;
		};
/* End PBXCopyFilesBuildPhase section */

/* Begin PBXFileReference section */
		933457B62BD96C3A008B9C4F /* atari-font */ = {isa = PBXFileReference; lastKnownFileType = folder; name = "atari-font"; path = "../../../../Downloads/atari-font"; sourceTree = "<group>"; };
		933457B92BD96E32008B9C4F /* Info.plist */ = {isa = PBXFileReference; lastKnownFileType = text.plist; path = Info.plist; sourceTree = "<group>"; };
		934F30052B337C0800E1AB46 /* Jump.app */ = {isa = PBXFileReference; explicitFileType = wrapper.application; includeInIndex = 0; path = Jump.app; sourceTree = BUILT_PRODUCTS_DIR; };
		934F30082B337C0800E1AB46 /* AppDelegate.swift */ = {isa = PBXFileReference; lastKnownFileType = sourcecode.swift; path = AppDelegate.swift; sourceTree = "<group>"; };
		934F300A2B337C0800E1AB46 /* GameScene.sks */ = {isa = PBXFileReference; lastKnownFileType = file.sks; path = GameScene.sks; sourceTree = "<group>"; };
		934F300C2B337C0800E1AB46 /* Actions.sks */ = {isa = PBXFileReference; lastKnownFileType = file.sks; path = Actions.sks; sourceTree = "<group>"; };
		934F300E2B337C0800E1AB46 /* GameScene.swift */ = {isa = PBXFileReference; lastKnownFileType = sourcecode.swift; path = GameScene.swift; sourceTree = "<group>"; };
		934F30102B337C0800E1AB46 /* GameViewController.swift */ = {isa = PBXFileReference; lastKnownFileType = sourcecode.swift; path = GameViewController.swift; sourceTree = "<group>"; };
		934F30132B337C0800E1AB46 /* Base */ = {isa = PBXFileReference; lastKnownFileType = file.storyboard; name = Base; path = Base.lproj/Main.storyboard; sourceTree = "<group>"; };
		934F30152B337C0A00E1AB46 /* Assets.xcassets */ = {isa = PBXFileReference; lastKnownFileType = folder.assetcatalog; path = Assets.xcassets; sourceTree = "<group>"; };
		934F30182B337C0A00E1AB46 /* Base */ = {isa = PBXFileReference; lastKnownFileType = file.storyboard; name = Base; path = Base.lproj/LaunchScreen.storyboard; sourceTree = "<group>"; };
		9354B3092BE2E7AE0004BBFE /* DeathAnimation.sks */ = {isa = PBXFileReference; lastKnownFileType = file.sks; path = DeathAnimation.sks; sourceTree = "<group>"; };
		9354B30B2BE303AA0004BBFE /* GameEndScene.swift */ = {isa = PBXFileReference; lastKnownFileType = sourcecode.swift; path = GameEndScene.swift; sourceTree = "<group>"; };
		93F560752BD81B3B0061DE7E /* JumpWatchApp Watch App.app */ = {isa = PBXFileReference; explicitFileType = wrapper.application; includeInIndex = 0; path = "JumpWatchApp Watch App.app"; sourceTree = BUILT_PRODUCTS_DIR; };
		93F560772BD81B3B0061DE7E /* JumpWatchAppApp.swift */ = {isa = PBXFileReference; lastKnownFileType = sourcecode.swift; path = JumpWatchAppApp.swift; sourceTree = "<group>"; };
		93F560792BD81B3B0061DE7E /* ContentView.swift */ = {isa = PBXFileReference; lastKnownFileType = sourcecode.swift; path = ContentView.swift; sourceTree = "<group>"; };
		93F5607B2BD81B3C0061DE7E /* Assets.xcassets */ = {isa = PBXFileReference; lastKnownFileType = folder.assetcatalog; path = Assets.xcassets; sourceTree = "<group>"; };
		93F5607E2BD81B3C0061DE7E /* Preview Assets.xcassets */ = {isa = PBXFileReference; lastKnownFileType = folder.assetcatalog; path = "Preview Assets.xcassets"; sourceTree = "<group>"; };
/* End PBXFileReference section */

/* Begin PBXFrameworksBuildPhase section */
		934F30022B337C0800E1AB46 /* Frameworks */ = {
			isa = PBXFrameworksBuildPhase;
			buildActionMask = 2147483647;
			files = (
			);
			runOnlyForDeploymentPostprocessing = 0;
		};
		93F560722BD81B3B0061DE7E /* Frameworks */ = {
			isa = PBXFrameworksBuildPhase;
			buildActionMask = 2147483647;
			files = (
			);
			runOnlyForDeploymentPostprocessing = 0;
		};
/* End PBXFrameworksBuildPhase section */

/* Begin PBXGroup section */
		934F2FFC2B337C0800E1AB46 = {
			isa = PBXGroup;
			children = (
				934F30072B337C0800E1AB46 /* Jump */,
				93F560762BD81B3B0061DE7E /* JumpWatchApp Watch App */,
				934F30062B337C0800E1AB46 /* Products */,
			);
			sourceTree = "<group>";
		};
		934F30062B337C0800E1AB46 /* Products */ = {
			isa = PBXGroup;
			children = (
				934F30052B337C0800E1AB46 /* Jump.app */,
				93F560752BD81B3B0061DE7E /* JumpWatchApp Watch App.app */,
			);
			name = Products;
			sourceTree = "<group>";
		};
		934F30072B337C0800E1AB46 /* Jump */ = {
			isa = PBXGroup;
			children = (
				933457B92BD96E32008B9C4F /* Info.plist */,
				933457B62BD96C3A008B9C4F /* atari-font */,
				934F30082B337C0800E1AB46 /* AppDelegate.swift */,
				934F300A2B337C0800E1AB46 /* GameScene.sks */,
				934F300C2B337C0800E1AB46 /* Actions.sks */,
				9354B3092BE2E7AE0004BBFE /* DeathAnimation.sks */,
				934F300E2B337C0800E1AB46 /* GameScene.swift */,
				9354B30B2BE303AA0004BBFE /* GameEndScene.swift */,
				934F30102B337C0800E1AB46 /* GameViewController.swift */,
				934F30122B337C0800E1AB46 /* Main.storyboard */,
				934F30152B337C0A00E1AB46 /* Assets.xcassets */,
				934F30172B337C0A00E1AB46 /* LaunchScreen.storyboard */,
			);
			path = Jump;
			sourceTree = "<group>";
		};
		93F560762BD81B3B0061DE7E /* JumpWatchApp Watch App */ = {
			isa = PBXGroup;
			children = (
				93F560772BD81B3B0061DE7E /* JumpWatchAppApp.swift */,
				93F560792BD81B3B0061DE7E /* ContentView.swift */,
				93F5607B2BD81B3C0061DE7E /* Assets.xcassets */,
				93F5607D2BD81B3C0061DE7E /* Preview Content */,
			);
			path = "JumpWatchApp Watch App";
			sourceTree = "<group>";
		};
		93F5607D2BD81B3C0061DE7E /* Preview Content */ = {
			isa = PBXGroup;
			children = (
				93F5607E2BD81B3C0061DE7E /* Preview Assets.xcassets */,
			);
			path = "Preview Content";
			sourceTree = "<group>";
		};
/* End PBXGroup section */

/* Begin PBXNativeTarget section */
		934F30042B337C0800E1AB46 /* Jump */ = {
			isa = PBXNativeTarget;
			buildConfigurationList = 934F301C2B337C0A00E1AB46 /* Build configuration list for PBXNativeTarget "Jump" */;
			buildPhases = (
				934F30012B337C0800E1AB46 /* Sources */,
				934F30022B337C0800E1AB46 /* Frameworks */,
				934F30032B337C0800E1AB46 /* Resources */,
				93F560832BD81B3C0061DE7E /* Embed Watch Content */,
			);
			buildRules = (
			);
			dependencies = (
				93F560812BD81B3C0061DE7E /* PBXTargetDependency */,
			);
			name = Jump;
			productName = Jump;
			productReference = 934F30052B337C0800E1AB46 /* Jump.app */;
			productType = "com.apple.product-type.application";
		};
		93F560742BD81B3B0061DE7E /* JumpWatchApp Watch App */ = {
			isa = PBXNativeTarget;
			buildConfigurationList = 93F560862BD81B3C0061DE7E /* Build configuration list for PBXNativeTarget "JumpWatchApp Watch App" */;
			buildPhases = (
				93F560712BD81B3B0061DE7E /* Sources */,
				93F560722BD81B3B0061DE7E /* Frameworks */,
				93F560732BD81B3B0061DE7E /* Resources */,
			);
			buildRules = (
			);
			dependencies = (
			);
			name = "JumpWatchApp Watch App";
			productName = "JumpWatchApp Watch App";
			productReference = 93F560752BD81B3B0061DE7E /* JumpWatchApp Watch App.app */;
			productType = "com.apple.product-type.application";
		};
/* End PBXNativeTarget section */

/* Begin PBXProject section */
		934F2FFD2B337C0800E1AB46 /* Project object */ = {
			isa = PBXProject;
			attributes = {
				BuildIndependentTargetsInParallel = 1;
				LastSwiftUpdateCheck = 1530;
				LastUpgradeCheck = 1510;
				TargetAttributes = {
					934F30042B337C0800E1AB46 = {
						CreatedOnToolsVersion = 15.1;
					};
					93F560742BD81B3B0061DE7E = {
						CreatedOnToolsVersion = 15.3;
					};
				};
			};
			buildConfigurationList = 934F30002B337C0800E1AB46 /* Build configuration list for PBXProject "Jump" */;
			compatibilityVersion = "Xcode 14.0";
			developmentRegion = en;
			hasScannedForEncodings = 0;
			knownRegions = (
				en,
				Base,
			);
			mainGroup = 934F2FFC2B337C0800E1AB46;
			productRefGroup = 934F30062B337C0800E1AB46 /* Products */;
			projectDirPath = "";
			projectRoot = "";
			targets = (
				934F30042B337C0800E1AB46 /* Jump */,
				93F560742BD81B3B0061DE7E /* JumpWatchApp Watch App */,
			);
		};
/* End PBXProject section */

/* Begin PBXResourcesBuildPhase section */
		934F30032B337C0800E1AB46 /* Resources */ = {
			isa = PBXResourcesBuildPhase;
			buildActionMask = 2147483647;
			files = (
				934F30142B337C0800E1AB46 /* Main.storyboard in Resources */,
				933457B72BD96C3A008B9C4F /* atari-font in Resources */,
				934F300B2B337C0800E1AB46 /* GameScene.sks in Resources */,
				934F30162B337C0A00E1AB46 /* Assets.xcassets in Resources */,
				9354B30A2BE2E7AE0004BBFE /* DeathAnimation.sks in Resources */,
				934F30192B337C0A00E1AB46 /* LaunchScreen.storyboard in Resources */,
				934F300D2B337C0800E1AB46 /* Actions.sks in Resources */,
			);
			runOnlyForDeploymentPostprocessing = 0;
		};
		93F560732BD81B3B0061DE7E /* Resources */ = {
			isa = PBXResourcesBuildPhase;
			buildActionMask = 2147483647;
			files = (
				93F5607F2BD81B3C0061DE7E /* Preview Assets.xcassets in Resources */,
				933457B82BD96C3A008B9C4F /* atari-font in Resources */,
				93F5607C2BD81B3C0061DE7E /* Assets.xcassets in Resources */,
			);
			runOnlyForDeploymentPostprocessing = 0;
		};
/* End PBXResourcesBuildPhase section */

/* Begin PBXSourcesBuildPhase section */
		934F30012B337C0800E1AB46 /* Sources */ = {
			isa = PBXSourcesBuildPhase;
			buildActionMask = 2147483647;
			files = (
				9354B30C2BE303AA0004BBFE /* GameEndScene.swift in Sources */,
				934F300F2B337C0800E1AB46 /* GameScene.swift in Sources */,
				934F30112B337C0800E1AB46 /* GameViewController.swift in Sources */,
				934F30092B337C0800E1AB46 /* AppDelegate.swift in Sources */,
			);
			runOnlyForDeploymentPostprocessing = 0;
		};
		93F560712BD81B3B0061DE7E /* Sources */ = {
			isa = PBXSourcesBuildPhase;
			buildActionMask = 2147483647;
			files = (
				93F5607A2BD81B3B0061DE7E /* ContentView.swift in Sources */,
				93F560782BD81B3B0061DE7E /* JumpWatchAppApp.swift in Sources */,
			);
			runOnlyForDeploymentPostprocessing = 0;
		};
/* End PBXSourcesBuildPhase section */

/* Begin PBXTargetDependency section */
		93F560812BD81B3C0061DE7E /* PBXTargetDependency */ = {
			isa = PBXTargetDependency;
			target = 93F560742BD81B3B0061DE7E /* JumpWatchApp Watch App */;
			targetProxy = 93F560802BD81B3C0061DE7E /* PBXContainerItemProxy */;
		};
/* End PBXTargetDependency section */

/* Begin PBXVariantGroup section */
		934F30122B337C0800E1AB46 /* Main.storyboard */ = {
			isa = PBXVariantGroup;
			children = (
				934F30132B337C0800E1AB46 /* Base */,
			);
			name = Main.storyboard;
			sourceTree = "<group>";
		};
		934F30172B337C0A00E1AB46 /* LaunchScreen.storyboard */ = {
			isa = PBXVariantGroup;
			children = (
				934F30182B337C0A00E1AB46 /* Base */,
			);
			name = LaunchScreen.storyboard;
			sourceTree = "<group>";
		};
/* End PBXVariantGroup section */

/* Begin XCBuildConfiguration section */
		934F301A2B337C0A00E1AB46 /* Debug */ = {
			isa = XCBuildConfiguration;
			buildSettings = {
				ALWAYS_SEARCH_USER_PATHS = NO;
				ASSETCATALOG_COMPILER_GENERATE_SWIFT_ASSET_SYMBOL_EXTENSIONS = YES;
				CLANG_ANALYZER_NONNULL = YES;
				CLANG_ANALYZER_NUMBER_OBJECT_CONVERSION = YES_AGGRESSIVE;
				CLANG_CXX_LANGUAGE_STANDARD = "gnu++20";
				CLANG_ENABLE_MODULES = YES;
				CLANG_ENABLE_OBJC_ARC = YES;
				CLANG_ENABLE_OBJC_WEAK = YES;
				CLANG_WARN_BLOCK_CAPTURE_AUTORELEASING = YES;
				CLANG_WARN_BOOL_CONVERSION = YES;
				CLANG_WARN_COMMA = YES;
				CLANG_WARN_CONSTANT_CONVERSION = YES;
				CLANG_WARN_DEPRECATED_OBJC_IMPLEMENTATIONS = YES;
				CLANG_WARN_DIRECT_OBJC_ISA_USAGE = YES_ERROR;
				CLANG_WARN_DOCUMENTATION_COMMENTS = YES;
				CLANG_WARN_EMPTY_BODY = YES;
				CLANG_WARN_ENUM_CONVERSION = YES;
				CLANG_WARN_INFINITE_RECURSION = YES;
				CLANG_WARN_INT_CONVERSION = YES;
				CLANG_WARN_NON_LITERAL_NULL_CONVERSION = YES;
				CLANG_WARN_OBJC_IMPLICIT_RETAIN_SELF = YES;
				CLANG_WARN_OBJC_LITERAL_CONVERSION = YES;
				CLANG_WARN_OBJC_ROOT_CLASS = YES_ERROR;
				CLANG_WARN_QUOTED_INCLUDE_IN_FRAMEWORK_HEADER = YES;
				CLANG_WARN_RANGE_LOOP_ANALYSIS = YES;
				CLANG_WARN_STRICT_PROTOTYPES = YES;
				CLANG_WARN_SUSPICIOUS_MOVE = YES;
				CLANG_WARN_UNGUARDED_AVAILABILITY = YES_AGGRESSIVE;
				CLANG_WARN_UNREACHABLE_CODE = YES;
				CLANG_WARN__DUPLICATE_METHOD_MATCH = YES;
				COPY_PHASE_STRIP = NO;
				DEBUG_INFORMATION_FORMAT = dwarf;
				ENABLE_STRICT_OBJC_MSGSEND = YES;
				ENABLE_TESTABILITY = YES;
				ENABLE_USER_SCRIPT_SANDBOXING = YES;
				GCC_C_LANGUAGE_STANDARD = gnu17;
				GCC_DYNAMIC_NO_PIC = NO;
				GCC_NO_COMMON_BLOCKS = YES;
				GCC_OPTIMIZATION_LEVEL = 0;
				GCC_PREPROCESSOR_DEFINITIONS = (
					"DEBUG=1",
					"$(inherited)",
				);
				GCC_WARN_64_TO_32_BIT_CONVERSION = YES;
				GCC_WARN_ABOUT_RETURN_TYPE = YES_ERROR;
				GCC_WARN_UNDECLARED_SELECTOR = YES;
				GCC_WARN_UNINITIALIZED_AUTOS = YES_AGGRESSIVE;
				GCC_WARN_UNUSED_FUNCTION = YES;
				GCC_WARN_UNUSED_VARIABLE = YES;
				IPHONEOS_DEPLOYMENT_TARGET = 17.2;
				LOCALIZATION_PREFERS_STRING_CATALOGS = YES;
				MTL_ENABLE_DEBUG_INFO = INCLUDE_SOURCE;
				MTL_FAST_MATH = YES;
				ONLY_ACTIVE_ARCH = YES;
				SDKROOT = iphoneos;
				SWIFT_ACTIVE_COMPILATION_CONDITIONS = "DEBUG $(inherited)";
				SWIFT_OPTIMIZATION_LEVEL = "-Onone";
			};
			name = Debug;
		};
		934F301B2B337C0A00E1AB46 /* Release */ = {
			isa = XCBuildConfiguration;
			buildSettings = {
				ALWAYS_SEARCH_USER_PATHS = NO;
				ASSETCATALOG_COMPILER_GENERATE_SWIFT_ASSET_SYMBOL_EXTENSIONS = YES;
				CLANG_ANALYZER_NONNULL = YES;
				CLANG_ANALYZER_NUMBER_OBJECT_CONVERSION = YES_AGGRESSIVE;
				CLANG_CXX_LANGUAGE_STANDARD = "gnu++20";
				CLANG_ENABLE_MODULES = YES;
				CLANG_ENABLE_OBJC_ARC = YES;
				CLANG_ENABLE_OBJC_WEAK = YES;
				CLANG_WARN_BLOCK_CAPTURE_AUTORELEASING = YES;
				CLANG_WARN_BOOL_CONVERSION = YES;
				CLANG_WARN_COMMA = YES;
				CLANG_WARN_CONSTANT_CONVERSION = YES;
				CLANG_WARN_DEPRECATED_OBJC_IMPLEMENTATIONS = YES;
				CLANG_WARN_DIRECT_OBJC_ISA_USAGE = YES_ERROR;
				CLANG_WARN_DOCUMENTATION_COMMENTS = YES;
				CLANG_WARN_EMPTY_BODY = YES;
				CLANG_WARN_ENUM_CONVERSION = YES;
				CLANG_WARN_INFINITE_RECURSION = YES;
				CLANG_WARN_INT_CONVERSION = YES;
				CLANG_WARN_NON_LITERAL_NULL_CONVERSION = YES;
				CLANG_WARN_OBJC_IMPLICIT_RETAIN_SELF = YES;
				CLANG_WARN_OBJC_LITERAL_CONVERSION = YES;
				CLANG_WARN_OBJC_ROOT_CLASS = YES_ERROR;
				CLANG_WARN_QUOTED_INCLUDE_IN_FRAMEWORK_HEADER = YES;
				CLANG_WARN_RANGE_LOOP_ANALYSIS = YES;
				CLANG_WARN_STRICT_PROTOTYPES = YES;
				CLANG_WARN_SUSPICIOUS_MOVE = YES;
				CLANG_WARN_UNGUARDED_AVAILABILITY = YES_AGGRESSIVE;
				CLANG_WARN_UNREACHABLE_CODE = YES;
				CLANG_WARN__DUPLICATE_METHOD_MATCH = YES;
				COPY_PHASE_STRIP = NO;
				DEBUG_INFORMATION_FORMAT = "dwarf-with-dsym";
				ENABLE_NS_ASSERTIONS = NO;
				ENABLE_STRICT_OBJC_MSGSEND = YES;
				ENABLE_USER_SCRIPT_SANDBOXING = YES;
				GCC_C_LANGUAGE_STANDARD = gnu17;
				GCC_NO_COMMON_BLOCKS = YES;
				GCC_WARN_64_TO_32_BIT_CONVERSION = YES;
				GCC_WARN_ABOUT_RETURN_TYPE = YES_ERROR;
				GCC_WARN_UNDECLARED_SELECTOR = YES;
				GCC_WARN_UNINITIALIZED_AUTOS = YES_AGGRESSIVE;
				GCC_WARN_UNUSED_FUNCTION = YES;
				GCC_WARN_UNUSED_VARIABLE = YES;
				IPHONEOS_DEPLOYMENT_TARGET = 17.2;
				LOCALIZATION_PREFERS_STRING_CATALOGS = YES;
				MTL_ENABLE_DEBUG_INFO = NO;
				MTL_FAST_MATH = YES;
				SDKROOT = iphoneos;
				SWIFT_COMPILATION_MODE = wholemodule;
				VALIDATE_PRODUCT = YES;
			};
			name = Release;
		};
		934F301D2B337C0A00E1AB46 /* Debug */ = {
			isa = XCBuildConfiguration;
			buildSettings = {
				ALWAYS_EMBED_SWIFT_STANDARD_LIBRARIES = YES;
				ASSETCATALOG_COMPILER_APPICON_NAME = AppIcon;
				ASSETCATALOG_COMPILER_GLOBAL_ACCENT_COLOR_NAME = AccentColor;
				CODE_SIGN_STYLE = Automatic;
				CURRENT_PROJECT_VERSION = 1;
				DEVELOPMENT_TEAM = 53LDC4M7WX;
				GENERATE_INFOPLIST_FILE = YES;
				INFOPLIST_FILE = Jump/Info.plist;
				INFOPLIST_KEY_UIApplicationSupportsIndirectInputEvents = YES;
				INFOPLIST_KEY_UILaunchStoryboardName = LaunchScreen;
				INFOPLIST_KEY_UIMainStoryboardFile = Main;
				INFOPLIST_KEY_UIStatusBarHidden = YES;
				INFOPLIST_KEY_UISupportedInterfaceOrientations_iPad = "UIInterfaceOrientationPortrait UIInterfaceOrientationPortraitUpsideDown UIInterfaceOrientationLandscapeLeft UIInterfaceOrientationLandscapeRight";
				INFOPLIST_KEY_UISupportedInterfaceOrientations_iPhone = "UIInterfaceOrientationPortrait UIInterfaceOrientationLandscapeLeft UIInterfaceOrientationLandscapeRight";
				IPHONEOS_DEPLOYMENT_TARGET = 17.2;
				LD_RUNPATH_SEARCH_PATHS = (
					"$(inherited)",
					"@executable_path/Frameworks",
				);
				MARKETING_VERSION = 1.0;
				PRODUCT_BUNDLE_IDENTIFIER = HarnoorSethi.Jump;
				PRODUCT_NAME = "$(TARGET_NAME)";
				SWIFT_EMIT_LOC_STRINGS = YES;
				SWIFT_VERSION = 5.0;
				TARGETED_DEVICE_FAMILY = "1,2";
			};
			name = Debug;
		};
		934F301E2B337C0A00E1AB46 /* Release */ = {
			isa = XCBuildConfiguration;
			buildSettings = {
				ALWAYS_EMBED_SWIFT_STANDARD_LIBRARIES = YES;
				ASSETCATALOG_COMPILER_APPICON_NAME = AppIcon;
				ASSETCATALOG_COMPILER_GLOBAL_ACCENT_COLOR_NAME = AccentColor;
				CODE_SIGN_STYLE = Automatic;
				CURRENT_PROJECT_VERSION = 1;
				DEVELOPMENT_TEAM = 53LDC4M7WX;
				GENERATE_INFOPLIST_FILE = YES;
				INFOPLIST_FILE = Jump/Info.plist;
				INFOPLIST_KEY_UIApplicationSupportsIndirectInputEvents = YES;
				INFOPLIST_KEY_UILaunchStoryboardName = LaunchScreen;
				INFOPLIST_KEY_UIMainStoryboardFile = Main;
				INFOPLIST_KEY_UIStatusBarHidden = YES;
				INFOPLIST_KEY_UISupportedInterfaceOrientations_iPad = "UIInterfaceOrientationPortrait UIInterfaceOrientationPortraitUpsideDown UIInterfaceOrientationLandscapeLeft UIInterfaceOrientationLandscapeRight";
				INFOPLIST_KEY_UISupportedInterfaceOrientations_iPhone = "UIInterfaceOrientationPortrait UIInterfaceOrientationLandscapeLeft UIInterfaceOrientationLandscapeRight";
				IPHONEOS_DEPLOYMENT_TARGET = 17.2;
				LD_RUNPATH_SEARCH_PATHS = (
					"$(inherited)",
					"@executable_path/Frameworks",
				);
				MARKETING_VERSION = 1.0;
				PRODUCT_BUNDLE_IDENTIFIER = HarnoorSethi.Jump;
				PRODUCT_NAME = "$(TARGET_NAME)";
				SWIFT_EMIT_LOC_STRINGS = YES;
				SWIFT_VERSION = 5.0;
				TARGETED_DEVICE_FAMILY = "1,2";
			};
			name = Release;
		};
		93F560842BD81B3C0061DE7E /* Debug */ = {
			isa = XCBuildConfiguration;
			buildSettings = {
				ASSETCATALOG_COMPILER_APPICON_NAME = AppIcon;
				ASSETCATALOG_COMPILER_GLOBAL_ACCENT_COLOR_NAME = AccentColor;
				CODE_SIGN_STYLE = Automatic;
				CURRENT_PROJECT_VERSION = 1;
				DEVELOPMENT_ASSET_PATHS = "\"JumpWatchApp Watch App/Preview Content\"";
				DEVELOPMENT_TEAM = 53LDC4M7WX;
				ENABLE_PREVIEWS = YES;
				GENERATE_INFOPLIST_FILE = YES;
				INFOPLIST_KEY_CFBundleDisplayName = JumpWatchApp;
				INFOPLIST_KEY_UISupportedInterfaceOrientations = "UIInterfaceOrientationPortrait UIInterfaceOrientationPortraitUpsideDown";
				INFOPLIST_KEY_WKCompanionAppBundleIdentifier = HarnoorSethi.Jump;
				LD_RUNPATH_SEARCH_PATHS = (
					"$(inherited)",
					"@executable_path/Frameworks",
				);
				MARKETING_VERSION = 1.0;
				PRODUCT_BUNDLE_IDENTIFIER = HarnoorSethi.Jump.watchkitapp;
				PRODUCT_NAME = "$(TARGET_NAME)";
				SDKROOT = watchos;
				SKIP_INSTALL = YES;
				SWIFT_EMIT_LOC_STRINGS = YES;
				SWIFT_VERSION = 5.0;
				TARGETED_DEVICE_FAMILY = 4;
				WATCHOS_DEPLOYMENT_TARGET = 10.4;
			};
			name = Debug;
		};
		93F560852BD81B3C0061DE7E /* Release */ = {
			isa = XCBuildConfiguration;
			buildSettings = {
				ASSETCATALOG_COMPILER_APPICON_NAME = AppIcon;
				ASSETCATALOG_COMPILER_GLOBAL_ACCENT_COLOR_NAME = AccentColor;
				CODE_SIGN_STYLE = Automatic;
				CURRENT_PROJECT_VERSION = 1;
				DEVELOPMENT_ASSET_PATHS = "\"JumpWatchApp Watch App/Preview Content\"";
				DEVELOPMENT_TEAM = 53LDC4M7WX;
				ENABLE_PREVIEWS = YES;
				GENERATE_INFOPLIST_FILE = YES;
				INFOPLIST_KEY_CFBundleDisplayName = JumpWatchApp;
				INFOPLIST_KEY_UISupportedInterfaceOrientations = "UIInterfaceOrientationPortrait UIInterfaceOrientationPortraitUpsideDown";
				INFOPLIST_KEY_WKCompanionAppBundleIdentifier = HarnoorSethi.Jump;
				LD_RUNPATH_SEARCH_PATHS = (
					"$(inherited)",
					"@executable_path/Frameworks",
				);
				MARKETING_VERSION = 1.0;
				PRODUCT_BUNDLE_IDENTIFIER = HarnoorSethi.Jump.watchkitapp;
				PRODUCT_NAME = "$(TARGET_NAME)";
				SDKROOT = watchos;
				SKIP_INSTALL = YES;
				SWIFT_EMIT_LOC_STRINGS = YES;
				SWIFT_VERSION = 5.0;
				TARGETED_DEVICE_FAMILY = 4;
				WATCHOS_DEPLOYMENT_TARGET = 10.4;
			};
			name = Release;
		};
/* End XCBuildConfiguration section */

/* Begin XCConfigurationList section */
		934F30002B337C0800E1AB46 /* Build configuration list for PBXProject "Jump" */ = {
			isa = XCConfigurationList;
			buildConfigurations = (
				934F301A2B337C0A00E1AB46 /* Debug */,
				934F301B2B337C0A00E1AB46 /* Release */,
			);
			defaultConfigurationIsVisible = 0;
			defaultConfigurationName = Release;
		};
		934F301C2B337C0A00E1AB46 /* Build configuration list for PBXNativeTarget "Jump" */ = {
			isa = XCConfigurationList;
			buildConfigurations = (
				934F301D2B337C0A00E1AB46 /* Debug */,
				934F301E2B337C0A00E1AB46 /* Release */,
			);
			defaultConfigurationIsVisible = 0;
			defaultConfigurationName = Release;
		};
		93F560862BD81B3C0061DE7E /* Build configuration list for PBXNativeTarget "JumpWatchApp Watch App" */ = {
			isa = XCConfigurationList;
			buildConfigurations = (
				93F560842BD81B3C0061DE7E /* Debug */,
				93F560852BD81B3C0061DE7E /* Release */,
			);
			defaultConfigurationIsVisible = 0;
			defaultConfigurationName = Release;
		};
/* End XCConfigurationList section */
	};
	rootObject = 934F2FFD2B337C0800E1AB46 /* Project object */;
}
